// !$*UTF8*$!
{
	archiveVersion = 1;
	classes = {
	};
	objectVersion = 55;
	objects = {

/* Begin PBXBuildFile section */
		1D3623260D0F684500981E51 /* AppDelegate.m in Sources */ = {isa = PBXBuildFile; fileRef = 1D3623250D0F684500981E51 /* AppDelegate.m */; };
		1D60589B0D05DD56006BFB54 /* main.m in Sources */ = {isa = PBXBuildFile; fileRef = 29B97316FDCFA39411CA2CEA /* main.m */; };
		1D60589F0D05DD5A006BFB54 /* Foundation.framework in Frameworks */ = {isa = PBXBuildFile; fileRef = 1D30AB110D05D00D00671497 /* Foundation.framework */; };
		1DF5F4E00D08C38300B7A737 /* UIKit.framework in Frameworks */ = {isa = PBXBuildFile; fileRef = 1DF5F4DF0D08C38300B7A737 /* UIKit.framework */; };
		288765A50DF7441C002DB57D /* CoreGraphics.framework in Frameworks */ = {isa = PBXBuildFile; fileRef = 288765A40DF7441C002DB57D /* CoreGraphics.framework */; };
		2899E5220DE3E06400AC0155 /* PresentationTimerViewController.xib in Resources */ = {isa = PBXBuildFile; fileRef = 2899E5210DE3E06400AC0155 /* PresentationTimerViewController.xib */; };
		28D7ACF80DDB3853001CB0EB /* PresentationTimerViewController.m in Sources */ = {isa = PBXBuildFile; fileRef = 28D7ACF70DDB3853001CB0EB /* PresentationTimerViewController.m */; };
		3E0E24D60E7BE5F500CA7AC4 /* AudioToolbox.framework in Frameworks */ = {isa = PBXBuildFile; fileRef = 3E0E24D50E7BE5F500CA7AC4 /* AudioToolbox.framework */; };
		3E359C411D721DF1003477BE /* Localizable.strings in Resources */ = {isa = PBXBuildFile; fileRef = 3E359C3F1D721DF1003477BE /* Localizable.strings */; };
		3E359C451D721E11003477BE /* InfoPlist.strings in Resources */ = {isa = PBXBuildFile; fileRef = 3E359C431D721E11003477BE /* InfoPlist.strings */; };
		3E55F3FD0E7BAA0C008D9D4B /* TimePickerViewController.m in Sources */ = {isa = PBXBuildFile; fileRef = 3E55F3FC0E7BAA0C008D9D4B /* TimePickerViewController.m */; };
		3E59EAAD160705CD00FE0BC3 /* AVFoundation.framework in Frameworks */ = {isa = PBXBuildFile; fileRef = 3E59EAAC160705CD00FE0BC3 /* AVFoundation.framework */; };
		3E5A8ED30EAF5B3200118C3C /* TimePickerViewController.xib in Resources */ = {isa = PBXBuildFile; fileRef = 3E55F4030E7BAD58008D9D4B /* TimePickerViewController.xib */; };
		3E76E5B0160761E2003FA881 /* TimerModel.m in Sources */ = {isa = PBXBuildFile; fileRef = 3E76E5AF160761E2003FA881 /* TimerModel.m */; };
		3E7763BD1D720C0F006FD94B /* Images.xcassets in Resources */ = {isa = PBXBuildFile; fileRef = 3E7763BC1D720C0F006FD94B /* Images.xcassets */; };
		3E7763BF1D7210FE006FD94B /* LaunchScreeen.storyboard in Resources */ = {isa = PBXBuildFile; fileRef = 3E7763BE1D7210FE006FD94B /* LaunchScreeen.storyboard */; };
		3E83692A2483D6F500527C41 /* GoogleService-Info.plist in Resources */ = {isa = PBXBuildFile; fileRef = 3E8369292483D6F500527C41 /* GoogleService-Info.plist */; };
		3E89289428210CB500DD9AB3 /* FirebaseAnalytics in Frameworks */ = {isa = PBXBuildFile; productRef = 3E89289328210CB500DD9AB3 /* FirebaseAnalytics */; };
		3E89289628210CB500DD9AB3 /* FirebaseCrashlytics in Frameworks */ = {isa = PBXBuildFile; productRef = 3E89289528210CB500DD9AB3 /* FirebaseCrashlytics */; };
		3EA9809F1157451300526A21 /* 1bell.wav in Resources */ = {isa = PBXBuildFile; fileRef = 3EA9809A1157451300526A21 /* 1bell.wav */; };
		3EA980A01157451300526A21 /* 2bell.wav in Resources */ = {isa = PBXBuildFile; fileRef = 3EA9809B1157451300526A21 /* 2bell.wav */; };
		3EA980A11157451300526A21 /* 3bell.wav in Resources */ = {isa = PBXBuildFile; fileRef = 3EA9809C1157451300526A21 /* 3bell.wav */; };
		3ED31ABA121FE1F60012B9A0 /* InfoView.xib in Resources */ = {isa = PBXBuildFile; fileRef = 3ED31AB9121FE1F60012B9A0 /* InfoView.xib */; };
		3ED31AC6121FE2470012B9A0 /* InfoVC.m in Sources */ = {isa = PBXBuildFile; fileRef = 3ED31AC5121FE2470012B9A0 /* InfoVC.m */; };
		662ABAC6E12BC6F9757218A4 /* CustomButton.m in Sources */ = {isa = PBXBuildFile; fileRef = 662AB6D15472507751F339FB /* CustomButton.m */; };
/* End PBXBuildFile section */

/* Begin PBXFileReference section */
		1D30AB110D05D00D00671497 /* Foundation.framework */ = {isa = PBXFileReference; lastKnownFileType = wrapper.framework; name = Foundation.framework; path = System/Library/Frameworks/Foundation.framework; sourceTree = SDKROOT; };
		1D3623240D0F684500981E51 /* AppDelegate.h */ = {isa = PBXFileReference; fileEncoding = 4; lastKnownFileType = sourcecode.c.h; path = AppDelegate.h; sourceTree = "<group>"; };
		1D3623250D0F684500981E51 /* AppDelegate.m */ = {isa = PBXFileReference; fileEncoding = 4; lastKnownFileType = sourcecode.c.objc; path = AppDelegate.m; sourceTree = "<group>"; };
		1D6058910D05DD3D006BFB54 /* PresentationTimer.app */ = {isa = PBXFileReference; explicitFileType = wrapper.application; includeInIndex = 0; path = PresentationTimer.app; sourceTree = BUILT_PRODUCTS_DIR; };
		1DF5F4DF0D08C38300B7A737 /* UIKit.framework */ = {isa = PBXFileReference; lastKnownFileType = wrapper.framework; name = UIKit.framework; path = System/Library/Frameworks/UIKit.framework; sourceTree = SDKROOT; };
		288765A40DF7441C002DB57D /* CoreGraphics.framework */ = {isa = PBXFileReference; lastKnownFileType = wrapper.framework; name = CoreGraphics.framework; path = System/Library/Frameworks/CoreGraphics.framework; sourceTree = SDKROOT; };
		2899E5210DE3E06400AC0155 /* PresentationTimerViewController.xib */ = {isa = PBXFileReference; lastKnownFileType = file.xib; path = PresentationTimerViewController.xib; sourceTree = "<group>"; };
		28D7ACF60DDB3853001CB0EB /* PresentationTimerViewController.h */ = {isa = PBXFileReference; fileEncoding = 4; lastKnownFileType = sourcecode.c.h; path = PresentationTimerViewController.h; sourceTree = "<group>"; };
		28D7ACF70DDB3853001CB0EB /* PresentationTimerViewController.m */ = {isa = PBXFileReference; fileEncoding = 4; lastKnownFileType = sourcecode.c.objc; path = PresentationTimerViewController.m; sourceTree = "<group>"; };
		29B97316FDCFA39411CA2CEA /* main.m */ = {isa = PBXFileReference; fileEncoding = 4; lastKnownFileType = sourcecode.c.objc; path = main.m; sourceTree = "<group>"; };
		32CA4F630368D1EE00C91783 /* PresentationTimer_Prefix.pch */ = {isa = PBXFileReference; fileEncoding = 4; lastKnownFileType = sourcecode.c.h; path = PresentationTimer_Prefix.pch; sourceTree = "<group>"; };
		3E0E24D50E7BE5F500CA7AC4 /* AudioToolbox.framework */ = {isa = PBXFileReference; lastKnownFileType = wrapper.framework; name = AudioToolbox.framework; path = /System/Library/Frameworks/AudioToolbox.framework; sourceTree = "<absolute>"; };
		3E359C401D721DF1003477BE /* ja */ = {isa = PBXFileReference; lastKnownFileType = text.plist.strings; name = ja; path = ja.lproj/Localizable.strings; sourceTree = "<group>"; };
		3E359C461D721E17003477BE /* ja */ = {isa = PBXFileReference; lastKnownFileType = text.plist.strings; name = ja; path = ja.lproj/InfoPlist.strings; sourceTree = "<group>"; };
		3E55F3FB0E7BAA0C008D9D4B /* TimePickerViewController.h */ = {isa = PBXFileReference; fileEncoding = 4; lastKnownFileType = sourcecode.c.h; path = TimePickerViewController.h; sourceTree = "<group>"; };
		3E55F3FC0E7BAA0C008D9D4B /* TimePickerViewController.m */ = {isa = PBXFileReference; fileEncoding = 4; lastKnownFileType = sourcecode.c.objc; path = TimePickerViewController.m; sourceTree = "<group>"; };
		3E55F4030E7BAD58008D9D4B /* TimePickerViewController.xib */ = {isa = PBXFileReference; lastKnownFileType = file.xib; path = TimePickerViewController.xib; sourceTree = "<group>"; };
		3E59EAAC160705CD00FE0BC3 /* AVFoundation.framework */ = {isa = PBXFileReference; lastKnownFileType = wrapper.framework; name = AVFoundation.framework; path = System/Library/Frameworks/AVFoundation.framework; sourceTree = SDKROOT; };
		3E76E5AE160761E2003FA881 /* TimerModel.h */ = {isa = PBXFileReference; fileEncoding = 4; lastKnownFileType = sourcecode.c.h; path = TimerModel.h; sourceTree = "<group>"; };
		3E76E5AF160761E2003FA881 /* TimerModel.m */ = {isa = PBXFileReference; fileEncoding = 4; lastKnownFileType = sourcecode.c.objc; path = TimerModel.m; sourceTree = "<group>"; };
		3E7763BC1D720C0F006FD94B /* Images.xcassets */ = {isa = PBXFileReference; lastKnownFileType = folder.assetcatalog; name = Images.xcassets; path = PresentationTimer/Images.xcassets; sourceTree = SOURCE_ROOT; };
		3E7763BE1D7210FE006FD94B /* LaunchScreeen.storyboard */ = {isa = PBXFileReference; fileEncoding = 4; lastKnownFileType = file.storyboard; path = LaunchScreeen.storyboard; sourceTree = "<group>"; };
		3E8369292483D6F500527C41 /* GoogleService-Info.plist */ = {isa = PBXFileReference; lastKnownFileType = text.plist; path = "GoogleService-Info.plist"; sourceTree = SOURCE_ROOT; };
		3E89289828210EDD00DD9AB3 /* base */ = {isa = PBXFileReference; lastKnownFileType = text.plist.strings; name = base; path = Base.lproj/Localizable.strings; sourceTree = "<group>"; };
		3E89289928210EED00DD9AB3 /* base */ = {isa = PBXFileReference; lastKnownFileType = text.plist.strings; name = base; path = Base.lproj/InfoPlist.strings; sourceTree = "<group>"; };
		3EA9809A1157451300526A21 /* 1bell.wav */ = {isa = PBXFileReference; lastKnownFileType = audio.wav; path = 1bell.wav; sourceTree = "<group>"; };
		3EA9809B1157451300526A21 /* 2bell.wav */ = {isa = PBXFileReference; lastKnownFileType = audio.wav; path = 2bell.wav; sourceTree = "<group>"; };
		3EA9809C1157451300526A21 /* 3bell.wav */ = {isa = PBXFileReference; lastKnownFileType = audio.wav; path = 3bell.wav; sourceTree = "<group>"; };
		3ED31AB9121FE1F60012B9A0 /* InfoView.xib */ = {isa = PBXFileReference; lastKnownFileType = file.xib; path = InfoView.xib; sourceTree = "<group>"; };
		3ED31AC4121FE2470012B9A0 /* InfoVC.h */ = {isa = PBXFileReference; fileEncoding = 4; lastKnownFileType = sourcecode.c.h; path = InfoVC.h; sourceTree = "<group>"; };
		3ED31AC5121FE2470012B9A0 /* InfoVC.m */ = {isa = PBXFileReference; fileEncoding = 4; lastKnownFileType = sourcecode.c.objc; path = InfoVC.m; sourceTree = "<group>"; };
		662AB6D15472507751F339FB /* CustomButton.m */ = {isa = PBXFileReference; fileEncoding = 4; lastKnownFileType = sourcecode.c.objc; path = CustomButton.m; sourceTree = "<group>"; };
		662ABA2A91F1C46631CBF8AE /* CustomButton.h */ = {isa = PBXFileReference; fileEncoding = 4; lastKnownFileType = sourcecode.c.h; path = CustomButton.h; sourceTree = "<group>"; };
		8D1107310486CEB800E47090 /* Info.plist */ = {isa = PBXFileReference; fileEncoding = 4; lastKnownFileType = text.plist.xml; name = Info.plist; path = ../Info.plist; sourceTree = "<group>"; };
/* End PBXFileReference section */

/* Begin PBXFrameworksBuildPhase section */
		1D60588F0D05DD3D006BFB54 /* Frameworks */ = {
			isa = PBXFrameworksBuildPhase;
			buildActionMask = 2147483647;
			files = (
				3E59EAAD160705CD00FE0BC3 /* AVFoundation.framework in Frameworks */,
				1D60589F0D05DD5A006BFB54 /* Foundation.framework in Frameworks */,
				3E89289428210CB500DD9AB3 /* FirebaseAnalytics in Frameworks */,
				3E89289628210CB500DD9AB3 /* FirebaseCrashlytics in Frameworks */,
				1DF5F4E00D08C38300B7A737 /* UIKit.framework in Frameworks */,
				288765A50DF7441C002DB57D /* CoreGraphics.framework in Frameworks */,
				3E0E24D60E7BE5F500CA7AC4 /* AudioToolbox.framework in Frameworks */,
			);
			runOnlyForDeploymentPostprocessing = 0;
		};
/* End PBXFrameworksBuildPhase section */

/* Begin PBXGroup section */
		080E96DDFE201D6D7F000001 /* Classes */ = {
			isa = PBXGroup;
			children = (
				3E76E5AE160761E2003FA881 /* TimerModel.h */,
				3E76E5AF160761E2003FA881 /* TimerModel.m */,
				1D3623240D0F684500981E51 /* AppDelegate.h */,
				1D3623250D0F684500981E51 /* AppDelegate.m */,
				28D7ACF60DDB3853001CB0EB /* PresentationTimerViewController.h */,
				28D7ACF70DDB3853001CB0EB /* PresentationTimerViewController.m */,
				3E55F3FB0E7BAA0C008D9D4B /* TimePickerViewController.h */,
				3E55F3FC0E7BAA0C008D9D4B /* TimePickerViewController.m */,
				3ED31AC4121FE2470012B9A0 /* InfoVC.h */,
				3ED31AC5121FE2470012B9A0 /* InfoVC.m */,
				662AB6D15472507751F339FB /* CustomButton.m */,
				662ABA2A91F1C46631CBF8AE /* CustomButton.h */,
			);
			path = Classes;
			sourceTree = "<group>";
		};
		19C28FACFE9D520D11CA2CBB /* Products */ = {
			isa = PBXGroup;
			children = (
				1D6058910D05DD3D006BFB54 /* PresentationTimer.app */,
			);
			name = Products;
			sourceTree = "<group>";
		};
		29B97314FDCFA39411CA2CEA /* CustomTemplate */ = {
			isa = PBXGroup;
			children = (
				080E96DDFE201D6D7F000001 /* Classes */,
				29B97315FDCFA39411CA2CEA /* Other Sources */,
				29B97317FDCFA39411CA2CEA /* Resources */,
				29B97323FDCFA39411CA2CEA /* Frameworks */,
				19C28FACFE9D520D11CA2CBB /* Products */,
			);
			name = CustomTemplate;
			sourceTree = "<group>";
		};
		29B97315FDCFA39411CA2CEA /* Other Sources */ = {
			isa = PBXGroup;
			children = (
				32CA4F630368D1EE00C91783 /* PresentationTimer_Prefix.pch */,
				29B97316FDCFA39411CA2CEA /* main.m */,
			);
			name = "Other Sources";
			sourceTree = "<group>";
		};
		29B97317FDCFA39411CA2CEA /* Resources */ = {
			isa = PBXGroup;
			children = (
				3E7763BC1D720C0F006FD94B /* Images.xcassets */,
				3EA980991157451300526A21 /* Sounds */,
				3EA98076115744C700526A21 /* Images */,
				2899E5210DE3E06400AC0155 /* PresentationTimerViewController.xib */,
				3E55F4030E7BAD58008D9D4B /* TimePickerViewController.xib */,
				3ED31AB9121FE1F60012B9A0 /* InfoView.xib */,
				8D1107310486CEB800E47090 /* Info.plist */,
				3E359C3F1D721DF1003477BE /* Localizable.strings */,
				3E359C431D721E11003477BE /* InfoPlist.strings */,
				3E7763BE1D7210FE006FD94B /* LaunchScreeen.storyboard */,
				3E8369292483D6F500527C41 /* GoogleService-Info.plist */,
			);
			path = Resources;
			sourceTree = "<group>";
		};
		29B97323FDCFA39411CA2CEA /* Frameworks */ = {
			isa = PBXGroup;
			children = (
				3E59EAAC160705CD00FE0BC3 /* AVFoundation.framework */,
				3E0E24D50E7BE5F500CA7AC4 /* AudioToolbox.framework */,
				1DF5F4DF0D08C38300B7A737 /* UIKit.framework */,
				1D30AB110D05D00D00671497 /* Foundation.framework */,
				288765A40DF7441C002DB57D /* CoreGraphics.framework */,
			);
			name = Frameworks;
			sourceTree = "<group>";
		};
		3EA98076115744C700526A21 /* Images */ = {
			isa = PBXGroup;
			children = (
			);
			path = Images;
			sourceTree = "<group>";
		};
		3EA980991157451300526A21 /* Sounds */ = {
			isa = PBXGroup;
			children = (
				3EA9809A1157451300526A21 /* 1bell.wav */,
				3EA9809B1157451300526A21 /* 2bell.wav */,
				3EA9809C1157451300526A21 /* 3bell.wav */,
			);
			path = Sounds;
			sourceTree = "<group>";
		};
/* End PBXGroup section */

/* Begin PBXNativeTarget section */
		1D6058900D05DD3D006BFB54 /* PresentationTimer */ = {
			isa = PBXNativeTarget;
			buildConfigurationList = 1D6058960D05DD3E006BFB54 /* Build configuration list for PBXNativeTarget "PresentationTimer" */;
			buildPhases = (
				1D60588D0D05DD3D006BFB54 /* Resources */,
				1D60588E0D05DD3D006BFB54 /* Sources */,
				1D60588F0D05DD3D006BFB54 /* Frameworks */,
				3E89289728210D8000DD9AB3 /* ShellScript */,
			);
			buildRules = (
			);
			dependencies = (
			);
			name = PresentationTimer;
			packageProductDependencies = (
				3E89289328210CB500DD9AB3 /* FirebaseAnalytics */,
				3E89289528210CB500DD9AB3 /* FirebaseCrashlytics */,
			);
			productName = PresentationTimer;
			productReference = 1D6058910D05DD3D006BFB54 /* PresentationTimer.app */;
			productType = "com.apple.product-type.application";
		};
/* End PBXNativeTarget section */

/* Begin PBXProject section */
		29B97313FDCFA39411CA2CEA /* Project object */ = {
			isa = PBXProject;
			attributes = {
				LastUpgradeCheck = 1200;
			};
			buildConfigurationList = C01FCF4E08A954540054247B /* Build configuration list for PBXProject "PresentationTimer" */;
			compatibilityVersion = "Xcode 13.0";
			developmentRegion = en;
			hasScannedForEncodings = 1;
			knownRegions = (
				en,
				ja,
				Base,
				base,
			);
			mainGroup = 29B97314FDCFA39411CA2CEA /* CustomTemplate */;
			packageReferences = (
				3E89289228210CB500DD9AB3 /* XCRemoteSwiftPackageReference "firebase-ios-sdk" */,
			);
			productRefGroup = 19C28FACFE9D520D11CA2CBB /* Products */;
			projectDirPath = "";
			projectRoot = "";
			targets = (
				1D6058900D05DD3D006BFB54 /* PresentationTimer */,
			);
		};
/* End PBXProject section */

/* Begin PBXResourcesBuildPhase section */
		1D60588D0D05DD3D006BFB54 /* Resources */ = {
			isa = PBXResourcesBuildPhase;
			buildActionMask = 2147483647;
			files = (
				2899E5220DE3E06400AC0155 /* PresentationTimerViewController.xib in Resources */,
				3E5A8ED30EAF5B3200118C3C /* TimePickerViewController.xib in Resources */,
				3E7763BD1D720C0F006FD94B /* Images.xcassets in Resources */,
				3EA9809F1157451300526A21 /* 1bell.wav in Resources */,
				3E359C411D721DF1003477BE /* Localizable.strings in Resources */,
				3EA980A01157451300526A21 /* 2bell.wav in Resources */,
				3EA980A11157451300526A21 /* 3bell.wav in Resources */,
				3ED31ABA121FE1F60012B9A0 /* InfoView.xib in Resources */,
				3E83692A2483D6F500527C41 /* GoogleService-Info.plist in Resources */,
				3E7763BF1D7210FE006FD94B /* LaunchScreeen.storyboard in Resources */,
				3E359C451D721E11003477BE /* InfoPlist.strings in Resources */,
			);
			runOnlyForDeploymentPostprocessing = 0;
		};
/* End PBXResourcesBuildPhase section */

/* Begin PBXShellScriptBuildPhase section */
		3E89289728210D8000DD9AB3 /* ShellScript */ = {
			isa = PBXShellScriptBuildPhase;
			buildActionMask = 2147483647;
			files = (
			);
			inputFileListPaths = (
			);
			inputPaths = (
				"${DWARF_DSYM_FOLDER_PATH}/${DWARF_DSYM_FILE_NAME}/Contents/Resources/DWARF/${TARGET_NAME}",
				"$(SRCROOT)/$(BUILT_PRODUCTS_DIR)/$(INFOPLIST_PATH)",
			);
			outputFileListPaths = (
			);
			outputPaths = (
			);
			runOnlyForDeploymentPostprocessing = 0;
			shellPath = /bin/sh;
			shellScript = "\"${BUILD_DIR%/Build/*}/SourcePackages/checkouts/firebase-ios-sdk/Crashlytics/run\"\n";
		};
/* End PBXShellScriptBuildPhase section */

/* Begin PBXSourcesBuildPhase section */
		1D60588E0D05DD3D006BFB54 /* Sources */ = {
			isa = PBXSourcesBuildPhase;
			buildActionMask = 2147483647;
			files = (
				1D60589B0D05DD56006BFB54 /* main.m in Sources */,
				1D3623260D0F684500981E51 /* AppDelegate.m in Sources */,
				28D7ACF80DDB3853001CB0EB /* PresentationTimerViewController.m in Sources */,
				3E55F3FD0E7BAA0C008D9D4B /* TimePickerViewController.m in Sources */,
				3ED31AC6121FE2470012B9A0 /* InfoVC.m in Sources */,
				3E76E5B0160761E2003FA881 /* TimerModel.m in Sources */,
				662ABAC6E12BC6F9757218A4 /* CustomButton.m in Sources */,
			);
			runOnlyForDeploymentPostprocessing = 0;
		};
/* End PBXSourcesBuildPhase section */

/* Begin PBXVariantGroup section */
		3E359C3F1D721DF1003477BE /* Localizable.strings */ = {
			isa = PBXVariantGroup;
			children = (
				3E359C401D721DF1003477BE /* ja */,
				3E89289828210EDD00DD9AB3 /* base */,
			);
			name = Localizable.strings;
			sourceTree = "<group>";
		};
		3E359C431D721E11003477BE /* InfoPlist.strings */ = {
			isa = PBXVariantGroup;
			children = (
				3E359C461D721E17003477BE /* ja */,
				3E89289928210EED00DD9AB3 /* base */,
			);
			name = InfoPlist.strings;
			sourceTree = "<group>";
		};
/* End PBXVariantGroup section */

/* Begin XCBuildConfiguration section */
		1D6058940D05DD3E006BFB54 /* Debug */ = {
			isa = XCBuildConfiguration;
			buildSettings = {
				ALWAYS_SEARCH_USER_PATHS = NO;
				ASSETCATALOG_COMPILER_APPICON_NAME = AppIcon;
				CLANG_ENABLE_OBJC_ARC = YES;
				COPY_PHASE_STRIP = NO;
				CURRENT_PROJECT_VERSION = 4.3.0.0;
				DEVELOPMENT_TEAM = 5HUHR3STUG;
				GCC_DYNAMIC_NO_PIC = NO;
				GCC_OPTIMIZATION_LEVEL = 0;
				GCC_PRECOMPILE_PREFIX_HEADER = YES;
				GCC_PREFIX_HEADER = PresentationTimer_Prefix.pch;
				INFOPLIST_FILE = Info.plist;
				MARKETING_VERSION = 4.3.0;
				PRODUCT_BUNDLE_IDENTIFIER = org.tmurakam.presentationTimer;
				PRODUCT_NAME = PresentationTimer;
			};
			name = Debug;
		};
		1D6058950D05DD3E006BFB54 /* Release */ = {
			isa = XCBuildConfiguration;
			buildSettings = {
				ALWAYS_SEARCH_USER_PATHS = NO;
				ASSETCATALOG_COMPILER_APPICON_NAME = AppIcon;
				CLANG_ENABLE_OBJC_ARC = YES;
				COPY_PHASE_STRIP = YES;
				CURRENT_PROJECT_VERSION = 4.3.0.0;
				DEVELOPMENT_TEAM = 5HUHR3STUG;
				GCC_PRECOMPILE_PREFIX_HEADER = YES;
				GCC_PREFIX_HEADER = PresentationTimer_Prefix.pch;
				INFOPLIST_FILE = Info.plist;
				MARKETING_VERSION = 4.3.0;
				PRODUCT_BUNDLE_IDENTIFIER = org.tmurakam.presentationTimer;
				PRODUCT_NAME = PresentationTimer;
			};
			name = Release;
		};
		C01FCF4F08A954540054247B /* Debug */ = {
			isa = XCBuildConfiguration;
			buildSettings = {
				CLANG_ANALYZER_LOCALIZABILITY_NONLOCALIZED = YES;
				CLANG_WARN_BLOCK_CAPTURE_AUTORELEASING = YES;
				CLANG_WARN_BOOL_CONVERSION = YES;
				CLANG_WARN_COMMA = YES;
				CLANG_WARN_CONSTANT_CONVERSION = YES;
				CLANG_WARN_DEPRECATED_OBJC_IMPLEMENTATIONS = YES;
				CLANG_WARN_EMPTY_BODY = YES;
				CLANG_WARN_ENUM_CONVERSION = YES;
				CLANG_WARN_INFINITE_RECURSION = YES;
				CLANG_WARN_INT_CONVERSION = YES;
				CLANG_WARN_NON_LITERAL_NULL_CONVERSION = YES;
				CLANG_WARN_OBJC_IMPLICIT_RETAIN_SELF = YES;
				CLANG_WARN_OBJC_LITERAL_CONVERSION = YES;
				CLANG_WARN_QUOTED_INCLUDE_IN_FRAMEWORK_HEADER = YES;
				CLANG_WARN_RANGE_LOOP_ANALYSIS = YES;
				CLANG_WARN_STRICT_PROTOTYPES = YES;
				CLANG_WARN_SUSPICIOUS_MOVE = YES;
				CLANG_WARN_UNREACHABLE_CODE = YES;
				CLANG_WARN__DUPLICATE_METHOD_MATCH = YES;
				"CODE_SIGN_IDENTITY[sdk=iphoneos*]" = "iPhone Developer";
				ENABLE_STRICT_OBJC_MSGSEND = YES;
				ENABLE_TESTABILITY = YES;
				GCC_C_LANGUAGE_STANDARD = c99;
				GCC_NO_COMMON_BLOCKS = YES;
				GCC_WARN_64_TO_32_BIT_CONVERSION = YES;
				GCC_WARN_ABOUT_RETURN_TYPE = YES;
				GCC_WARN_UNDECLARED_SELECTOR = YES;
				GCC_WARN_UNINITIALIZED_AUTOS = YES;
				GCC_WARN_UNUSED_FUNCTION = YES;
				GCC_WARN_UNUSED_VARIABLE = YES;
				IPHONEOS_DEPLOYMENT_TARGET = 12.0;
				ONLY_ACTIVE_ARCH = YES;
				PRODUCT_NAME = PresentationTimer;
				SDKROOT = iphoneos;
				TARGETED_DEVICE_FAMILY = "1,2";
			};
			name = Debug;
		};
		C01FCF5008A954540054247B /* Release */ = {
			isa = XCBuildConfiguration;
			buildSettings = {
				CLANG_ANALYZER_LOCALIZABILITY_NONLOCALIZED = YES;
				CLANG_WARN_BLOCK_CAPTURE_AUTORELEASING = YES;
				CLANG_WARN_BOOL_CONVERSION = YES;
				CLANG_WARN_COMMA = YES;
				CLANG_WARN_CONSTANT_CONVERSION = YES;
				CLANG_WARN_DEPRECATED_OBJC_IMPLEMENTATIONS = YES;
				CLANG_WARN_EMPTY_BODY = YES;
				CLANG_WARN_ENUM_CONVERSION = YES;
				CLANG_WARN_INFINITE_RECURSION = YES;
				CLANG_WARN_INT_CONVERSION = YES;
				CLANG_WARN_NON_LITERAL_NULL_CONVERSION = YES;
				CLANG_WARN_OBJC_IMPLICIT_RETAIN_SELF = YES;
				CLANG_WARN_OBJC_LITERAL_CONVERSION = YES;
				CLANG_WARN_QUOTED_INCLUDE_IN_FRAMEWORK_HEADER = YES;
				CLANG_WARN_RANGE_LOOP_ANALYSIS = YES;
				CLANG_WARN_STRICT_PROTOTYPES = YES;
				CLANG_WARN_SUSPICIOUS_MOVE = YES;
				CLANG_WARN_UNREACHABLE_CODE = YES;
				CLANG_WARN__DUPLICATE_METHOD_MATCH = YES;
				"CODE_SIGN_IDENTITY[sdk=iphoneos*]" = "iPhone Developer";
				ENABLE_STRICT_OBJC_MSGSEND = YES;
				GCC_C_LANGUAGE_STANDARD = c99;
				GCC_NO_COMMON_BLOCKS = YES;
				GCC_WARN_64_TO_32_BIT_CONVERSION = YES;
				GCC_WARN_ABOUT_RETURN_TYPE = YES;
				GCC_WARN_UNDECLARED_SELECTOR = YES;
				GCC_WARN_UNINITIALIZED_AUTOS = YES;
				GCC_WARN_UNUSED_FUNCTION = YES;
				GCC_WARN_UNUSED_VARIABLE = YES;
				IPHONEOS_DEPLOYMENT_TARGET = 12.0;
				PRODUCT_NAME = PresentationTimer;
				SDKROOT = iphoneos;
				TARGETED_DEVICE_FAMILY = "1,2";
			};
			name = Release;
		};
/* End XCBuildConfiguration section */

/* Begin XCConfigurationList section */
		1D6058960D05DD3E006BFB54 /* Build configuration list for PBXNativeTarget "PresentationTimer" */ = {
			isa = XCConfigurationList;
			buildConfigurations = (
				1D6058940D05DD3E006BFB54 /* Debug */,
				1D6058950D05DD3E006BFB54 /* Release */,
			);
			defaultConfigurationIsVisible = 0;
			defaultConfigurationName = Release;
		};
		C01FCF4E08A954540054247B /* Build configuration list for PBXProject "PresentationTimer" */ = {
			isa = XCConfigurationList;
			buildConfigurations = (
				C01FCF4F08A954540054247B /* Debug */,
				C01FCF5008A954540054247B /* Release */,
			);
			defaultConfigurationIsVisible = 0;
			defaultConfigurationName = Release;
		};
/* End XCConfigurationList section */

/* Begin XCRemoteSwiftPackageReference section */
		3E89289228210CB500DD9AB3 /* XCRemoteSwiftPackageReference "firebase-ios-sdk" */ = {
			isa = XCRemoteSwiftPackageReference;
			repositoryURL = "https://github.com/firebase/firebase-ios-sdk";
			requirement = {
				kind = upToNextMajorVersion;
				minimumVersion = 8.0.0;
			};
		};
/* End XCRemoteSwiftPackageReference section */

/* Begin XCSwiftPackageProductDependency section */
		3E89289328210CB500DD9AB3 /* FirebaseAnalytics */ = {
			isa = XCSwiftPackageProductDependency;
			package = 3E89289228210CB500DD9AB3 /* XCRemoteSwiftPackageReference "firebase-ios-sdk" */;
			productName = FirebaseAnalytics;
		};
		3E89289528210CB500DD9AB3 /* FirebaseCrashlytics */ = {
			isa = XCSwiftPackageProductDependency;
			package = 3E89289228210CB500DD9AB3 /* XCRemoteSwiftPackageReference "firebase-ios-sdk" */;
			productName = FirebaseCrashlytics;
		};
/* End XCSwiftPackageProductDependency section */
	};
	rootObject = 29B97313FDCFA39411CA2CEA /* Project object */;
}
