// !$*UTF8*$!
{
	archiveVersion = 1;
	classes = {
	};
	objectVersion = 46;
	objects = {

/* Begin PBXBuildFile section */
		1D3623260D0F684500981E51 /* AppDelegate.m in Sources */ = {isa = PBXBuildFile; fileRef = 1D3623250D0F684500981E51 /* AppDelegate.m */; };
		1D60589B0D05DD56006BFB54 /* main.m in Sources */ = {isa = PBXBuildFile; fileRef = 29B97316FDCFA39411CA2CEA /* main.m */; };
		1D60589F0D05DD5A006BFB54 /* Foundation.framework in Frameworks */ = {isa = PBXBuildFile; fileRef = 1D30AB110D05D00D00671497 /* Foundation.framework */; };
		1DF5F4E00D08C38300B7A737 /* UIKit.framework in Frameworks */ = {isa = PBXBuildFile; fileRef = 1DF5F4DF0D08C38300B7A737 /* UIKit.framework */; };
		288765A50DF7441C002DB57D /* CoreGraphics.framework in Frameworks */ = {isa = PBXBuildFile; fileRef = 288765A40DF7441C002DB57D /* CoreGraphics.framework */; };
		2899E5220DE3E06400AC0155 /* PresentationTimerViewController.xib in Resources */ = {isa = PBXBuildFile; fileRef = 2899E5210DE3E06400AC0155 /* PresentationTimerViewController.xib */; };
		28AD733F0D9D9553002E5188 /* MainWindow.xib in Resources */ = {isa = PBXBuildFile; fileRef = 28AD733E0D9D9553002E5188 /* MainWindow.xib */; };
		28D7ACF80DDB3853001CB0EB /* PresentationTimerViewController.m in Sources */ = {isa = PBXBuildFile; fileRef = 28D7ACF70DDB3853001CB0EB /* PresentationTimerViewController.m */; };
		3E0E24D60E7BE5F500CA7AC4 /* AudioToolbox.framework in Frameworks */ = {isa = PBXBuildFile; fileRef = 3E0E24D50E7BE5F500CA7AC4 /* AudioToolbox.framework */; };
		3E55F3FD0E7BAA0C008D9D4B /* TimePickerViewController.m in Sources */ = {isa = PBXBuildFile; fileRef = 3E55F3FC0E7BAA0C008D9D4B /* TimePickerViewController.m */; };
		3E59EAAD160705CD00FE0BC3 /* AVFoundation.framework in Frameworks */ = {isa = PBXBuildFile; fileRef = 3E59EAAC160705CD00FE0BC3 /* AVFoundation.framework */; };
		3E5A8ED30EAF5B3200118C3C /* TimePickerViewController.xib in Resources */ = {isa = PBXBuildFile; fileRef = 3E55F4030E7BAD58008D9D4B /* TimePickerViewController.xib */; };
		3E6FCF3911573A320078B23E /* MainWindow-iPad.xib in Resources */ = {isa = PBXBuildFile; fileRef = 3E6FCF3811573A320078B23E /* MainWindow-iPad.xib */; };
		3E6FCF3E11573A6F0078B23E /* PresentationTimerViewController-iPad.xib in Resources */ = {isa = PBXBuildFile; fileRef = 3E6FCF3D11573A6F0078B23E /* PresentationTimerViewController-iPad.xib */; };
		3E76E5B0160761E2003FA881 /* TimerModel.m in Sources */ = {isa = PBXBuildFile; fileRef = 3E76E5AF160761E2003FA881 /* TimerModel.m */; };
		3E8A45C71606D895000D6975 /* bell40.png in Resources */ = {isa = PBXBuildFile; fileRef = 3E8A45C61606D895000D6975 /* bell40.png */; };
		3E8A45C91606D91F000D6975 /* bell40@2x.png in Resources */ = {isa = PBXBuildFile; fileRef = 3E8A45C81606D91F000D6975 /* bell40@2x.png */; };
		3E8A45CB1606D988000D6975 /* bell28@2x.png in Resources */ = {isa = PBXBuildFile; fileRef = 3E8A45CA1606D988000D6975 /* bell28@2x.png */; };
		3E8A45CE1606DEE7000D6975 /* bell80.png in Resources */ = {isa = PBXBuildFile; fileRef = 3E8A45CC1606DEE7000D6975 /* bell80.png */; };
		3E8A45CF1606DEE7000D6975 /* bell80@2x.png in Resources */ = {isa = PBXBuildFile; fileRef = 3E8A45CD1606DEE7000D6975 /* bell80@2x.png */; };
		3E8A45D11606E018000D6975 /* icon@2x.png in Resources */ = {isa = PBXBuildFile; fileRef = 3E8A45D01606E018000D6975 /* icon@2x.png */; };
		3E8A45F71606E0AE000D6975 /* Default-568h@2x.png in Resources */ = {isa = PBXBuildFile; fileRef = 3E8A45E41606E0AE000D6975 /* Default-568h@2x.png */; };
		3E8A45FF1606E35A000D6975 /* Default.png in Resources */ = {isa = PBXBuildFile; fileRef = 3E8A45FD1606E35A000D6975 /* Default.png */; };
		3E8A46001606E35A000D6975 /* Default@2x.png in Resources */ = {isa = PBXBuildFile; fileRef = 3E8A45FE1606E35A000D6975 /* Default@2x.png */; };
		3E8A46141606EC09000D6975 /* icon-ipad@2x.png in Resources */ = {isa = PBXBuildFile; fileRef = 3E8A46131606EC09000D6975 /* icon-ipad@2x.png */; };
		3E8A46311606EE8A000D6975 /* Default-Landscape.png in Resources */ = {isa = PBXBuildFile; fileRef = 3E8A462D1606EE8A000D6975 /* Default-Landscape.png */; };
		3E8A46321606EE8A000D6975 /* Default-Landscape@2x.png in Resources */ = {isa = PBXBuildFile; fileRef = 3E8A462E1606EE8A000D6975 /* Default-Landscape@2x.png */; };
		3E8A46331606EE8A000D6975 /* Default-Portrait.png in Resources */ = {isa = PBXBuildFile; fileRef = 3E8A462F1606EE8A000D6975 /* Default-Portrait.png */; };
		3E8A46341606EE8A000D6975 /* Default-Portrait@2x.png in Resources */ = {isa = PBXBuildFile; fileRef = 3E8A46301606EE8A000D6975 /* Default-Portrait@2x.png */; };
		3EA9808F115744C700526A21 /* bell28.png in Resources */ = {isa = PBXBuildFile; fileRef = 3EA9807E115744C700526A21 /* bell28.png */; };
		3EA98092115744C700526A21 /* icon.png in Resources */ = {isa = PBXBuildFile; fileRef = 3EA98081115744C700526A21 /* icon.png */; };
		3EA9809F1157451300526A21 /* 1bell.wav in Resources */ = {isa = PBXBuildFile; fileRef = 3EA9809A1157451300526A21 /* 1bell.wav */; };
		3EA980A01157451300526A21 /* 2bell.wav in Resources */ = {isa = PBXBuildFile; fileRef = 3EA9809B1157451300526A21 /* 2bell.wav */; };
		3EA980A11157451300526A21 /* 3bell.wav in Resources */ = {isa = PBXBuildFile; fileRef = 3EA9809C1157451300526A21 /* 3bell.wav */; };
		3EA9812511574D9500526A21 /* icon-ipad.png in Resources */ = {isa = PBXBuildFile; fileRef = 3EA9812411574D9500526A21 /* icon-ipad.png */; };
		3ED31ABA121FE1F60012B9A0 /* InfoView.xib in Resources */ = {isa = PBXBuildFile; fileRef = 3ED31AB9121FE1F60012B9A0 /* InfoView.xib */; };
		3ED31AC6121FE2470012B9A0 /* InfoVC.m in Sources */ = {isa = PBXBuildFile; fileRef = 3ED31AC5121FE2470012B9A0 /* InfoVC.m */; };
		3EE2B7B50E7BF2D0003F9362 /* Localizable.strings in Resources */ = {isa = PBXBuildFile; fileRef = 3EE2B7B40E7BF2D0003F9362 /* Localizable.strings */; };
		3EE2B7C70E7BF363003F9362 /* InfoPlist.strings in Resources */ = {isa = PBXBuildFile; fileRef = 3EE2B7C60E7BF363003F9362 /* InfoPlist.strings */; };
/* End PBXBuildFile section */

/* Begin PBXFileReference section */
		1D30AB110D05D00D00671497 /* Foundation.framework */ = {isa = PBXFileReference; lastKnownFileType = wrapper.framework; name = Foundation.framework; path = System/Library/Frameworks/Foundation.framework; sourceTree = SDKROOT; };
		1D3623240D0F684500981E51 /* AppDelegate.h */ = {isa = PBXFileReference; fileEncoding = 4; lastKnownFileType = sourcecode.c.h; path = AppDelegate.h; sourceTree = "<group>"; };
		1D3623250D0F684500981E51 /* AppDelegate.m */ = {isa = PBXFileReference; fileEncoding = 4; lastKnownFileType = sourcecode.c.objc; path = AppDelegate.m; sourceTree = "<group>"; };
		1D6058910D05DD3D006BFB54 /* PresentationTimer.app */ = {isa = PBXFileReference; explicitFileType = wrapper.application; includeInIndex = 0; path = PresentationTimer.app; sourceTree = BUILT_PRODUCTS_DIR; };
		1DF5F4DF0D08C38300B7A737 /* UIKit.framework */ = {isa = PBXFileReference; lastKnownFileType = wrapper.framework; name = UIKit.framework; path = System/Library/Frameworks/UIKit.framework; sourceTree = SDKROOT; };
		288765A40DF7441C002DB57D /* CoreGraphics.framework */ = {isa = PBXFileReference; lastKnownFileType = wrapper.framework; name = CoreGraphics.framework; path = System/Library/Frameworks/CoreGraphics.framework; sourceTree = SDKROOT; };
		2899E5210DE3E06400AC0155 /* PresentationTimerViewController.xib */ = {isa = PBXFileReference; lastKnownFileType = file.xib; path = PresentationTimerViewController.xib; sourceTree = "<group>"; };
		28AD733E0D9D9553002E5188 /* MainWindow.xib */ = {isa = PBXFileReference; lastKnownFileType = file.xib; path = MainWindow.xib; sourceTree = "<group>"; };
		28D7ACF60DDB3853001CB0EB /* PresentationTimerViewController.h */ = {isa = PBXFileReference; fileEncoding = 4; lastKnownFileType = sourcecode.c.h; path = PresentationTimerViewController.h; sourceTree = "<group>"; };
		28D7ACF70DDB3853001CB0EB /* PresentationTimerViewController.m */ = {isa = PBXFileReference; fileEncoding = 4; lastKnownFileType = sourcecode.c.objc; path = PresentationTimerViewController.m; sourceTree = "<group>"; };
		29B97316FDCFA39411CA2CEA /* main.m */ = {isa = PBXFileReference; fileEncoding = 4; lastKnownFileType = sourcecode.c.objc; path = main.m; sourceTree = "<group>"; };
		32CA4F630368D1EE00C91783 /* PresentationTimer_Prefix.pch */ = {isa = PBXFileReference; fileEncoding = 4; lastKnownFileType = sourcecode.c.h; path = PresentationTimer_Prefix.pch; sourceTree = "<group>"; };
		3E0E24D50E7BE5F500CA7AC4 /* AudioToolbox.framework */ = {isa = PBXFileReference; lastKnownFileType = wrapper.framework; name = AudioToolbox.framework; path = /System/Library/Frameworks/AudioToolbox.framework; sourceTree = "<absolute>"; };
		3E55F3FB0E7BAA0C008D9D4B /* TimePickerViewController.h */ = {isa = PBXFileReference; fileEncoding = 4; lastKnownFileType = sourcecode.c.h; path = TimePickerViewController.h; sourceTree = "<group>"; };
		3E55F3FC0E7BAA0C008D9D4B /* TimePickerViewController.m */ = {isa = PBXFileReference; fileEncoding = 4; lastKnownFileType = sourcecode.c.objc; path = TimePickerViewController.m; sourceTree = "<group>"; };
		3E55F4030E7BAD58008D9D4B /* TimePickerViewController.xib */ = {isa = PBXFileReference; lastKnownFileType = file.xib; path = TimePickerViewController.xib; sourceTree = "<group>"; };
		3E59EAAC160705CD00FE0BC3 /* AVFoundation.framework */ = {isa = PBXFileReference; lastKnownFileType = wrapper.framework; name = AVFoundation.framework; path = System/Library/Frameworks/AVFoundation.framework; sourceTree = SDKROOT; };
		3E6FCF3811573A320078B23E /* MainWindow-iPad.xib */ = {isa = PBXFileReference; lastKnownFileType = file.xib; path = "MainWindow-iPad.xib"; sourceTree = "<group>"; };
		3E6FCF3D11573A6F0078B23E /* PresentationTimerViewController-iPad.xib */ = {isa = PBXFileReference; lastKnownFileType = file.xib; path = "PresentationTimerViewController-iPad.xib"; sourceTree = "<group>"; };
		3E76E5AE160761E2003FA881 /* TimerModel.h */ = {isa = PBXFileReference; fileEncoding = 4; lastKnownFileType = sourcecode.c.h; path = TimerModel.h; sourceTree = "<group>"; };
		3E76E5AF160761E2003FA881 /* TimerModel.m */ = {isa = PBXFileReference; fileEncoding = 4; lastKnownFileType = sourcecode.c.objc; path = TimerModel.m; sourceTree = "<group>"; };
		3E8A45C61606D895000D6975 /* bell40.png */ = {isa = PBXFileReference; lastKnownFileType = image.png; path = bell40.png; sourceTree = "<group>"; };
		3E8A45C81606D91F000D6975 /* bell40@2x.png */ = {isa = PBXFileReference; lastKnownFileType = image.png; path = "bell40@2x.png"; sourceTree = "<group>"; };
		3E8A45CA1606D988000D6975 /* bell28@2x.png */ = {isa = PBXFileReference; lastKnownFileType = image.png; path = "bell28@2x.png"; sourceTree = "<group>"; };
		3E8A45CC1606DEE7000D6975 /* bell80.png */ = {isa = PBXFileReference; lastKnownFileType = image.png; path = bell80.png; sourceTree = "<group>"; };
		3E8A45CD1606DEE7000D6975 /* bell80@2x.png */ = {isa = PBXFileReference; lastKnownFileType = image.png; path = "bell80@2x.png"; sourceTree = "<group>"; };
		3E8A45D01606E018000D6975 /* icon@2x.png */ = {isa = PBXFileReference; lastKnownFileType = image.png; path = "icon@2x.png"; sourceTree = "<group>"; };
		3E8A45E41606E0AE000D6975 /* Default-568h@2x.png */ = {isa = PBXFileReference; lastKnownFileType = image.png; path = "Default-568h@2x.png"; sourceTree = "<group>"; };
		3E8A45FD1606E35A000D6975 /* Default.png */ = {isa = PBXFileReference; lastKnownFileType = image.png; path = Default.png; sourceTree = "<group>"; };
		3E8A45FE1606E35A000D6975 /* Default@2x.png */ = {isa = PBXFileReference; lastKnownFileType = image.png; path = "Default@2x.png"; sourceTree = "<group>"; };
		3E8A46131606EC09000D6975 /* icon-ipad@2x.png */ = {isa = PBXFileReference; lastKnownFileType = image.png; path = "icon-ipad@2x.png"; sourceTree = "<group>"; };
		3E8A462D1606EE8A000D6975 /* Default-Landscape.png */ = {isa = PBXFileReference; lastKnownFileType = image.png; path = "Default-Landscape.png"; sourceTree = "<group>"; };
		3E8A462E1606EE8A000D6975 /* Default-Landscape@2x.png */ = {isa = PBXFileReference; lastKnownFileType = image.png; path = "Default-Landscape@2x.png"; sourceTree = "<group>"; };
		3E8A462F1606EE8A000D6975 /* Default-Portrait.png */ = {isa = PBXFileReference; lastKnownFileType = image.png; path = "Default-Portrait.png"; sourceTree = "<group>"; };
		3E8A46301606EE8A000D6975 /* Default-Portrait@2x.png */ = {isa = PBXFileReference; lastKnownFileType = image.png; path = "Default-Portrait@2x.png"; sourceTree = "<group>"; };
		3EA9807E115744C700526A21 /* bell28.png */ = {isa = PBXFileReference; lastKnownFileType = image.png; path = bell28.png; sourceTree = "<group>"; };
		3EA98081115744C700526A21 /* icon.png */ = {isa = PBXFileReference; lastKnownFileType = image.png; path = icon.png; sourceTree = "<group>"; };
		3EA9809A1157451300526A21 /* 1bell.wav */ = {isa = PBXFileReference; lastKnownFileType = audio.wav; path = 1bell.wav; sourceTree = "<group>"; };
		3EA9809B1157451300526A21 /* 2bell.wav */ = {isa = PBXFileReference; lastKnownFileType = audio.wav; path = 2bell.wav; sourceTree = "<group>"; };
		3EA9809C1157451300526A21 /* 3bell.wav */ = {isa = PBXFileReference; lastKnownFileType = audio.wav; path = 3bell.wav; sourceTree = "<group>"; };
		3EA9812411574D9500526A21 /* icon-ipad.png */ = {isa = PBXFileReference; lastKnownFileType = image.png; path = "icon-ipad.png"; sourceTree = "<group>"; };
		3ED31AB9121FE1F60012B9A0 /* InfoView.xib */ = {isa = PBXFileReference; lastKnownFileType = file.xib; path = InfoView.xib; sourceTree = "<group>"; };
		3ED31AC4121FE2470012B9A0 /* InfoVC.h */ = {isa = PBXFileReference; fileEncoding = 4; lastKnownFileType = sourcecode.c.h; path = InfoVC.h; sourceTree = "<group>"; };
		3ED31AC5121FE2470012B9A0 /* InfoVC.m */ = {isa = PBXFileReference; fileEncoding = 4; lastKnownFileType = sourcecode.c.objc; path = InfoVC.m; sourceTree = "<group>"; };
		3EE2B7B20E7BF2C5003F9362 /* English */ = {isa = PBXFileReference; fileEncoding = 4; lastKnownFileType = text.plist.strings; name = English; path = English.lproj/Localizable.strings; sourceTree = "<group>"; };
		3EE2B7B60E7BF2D8003F9362 /* Japanese */ = {isa = PBXFileReference; lastKnownFileType = text.plist.strings; name = Japanese; path = Japanese.lproj/Localizable.strings; sourceTree = "<group>"; };
		3EE2B7C40E7BF350003F9362 /* English */ = {isa = PBXFileReference; fileEncoding = 4; lastKnownFileType = text.plist.strings; name = English; path = English.lproj/InfoPlist.strings; sourceTree = "<group>"; };
		3EE2B7C80E7BF36A003F9362 /* Japanese */ = {isa = PBXFileReference; lastKnownFileType = text.plist.strings; name = Japanese; path = Japanese.lproj/InfoPlist.strings; sourceTree = "<group>"; };
		8D1107310486CEB800E47090 /* Info.plist */ = {isa = PBXFileReference; fileEncoding = 4; lastKnownFileType = text.plist.xml; name = Info.plist; path = ../Info.plist; sourceTree = "<group>"; };
/* End PBXFileReference section */

/* Begin PBXFrameworksBuildPhase section */
		1D60588F0D05DD3D006BFB54 /* Frameworks */ = {
			isa = PBXFrameworksBuildPhase;
			buildActionMask = 2147483647;
			files = (
				3E59EAAD160705CD00FE0BC3 /* AVFoundation.framework in Frameworks */,
				1D60589F0D05DD5A006BFB54 /* Foundation.framework in Frameworks */,
				1DF5F4E00D08C38300B7A737 /* UIKit.framework in Frameworks */,
				288765A50DF7441C002DB57D /* CoreGraphics.framework in Frameworks */,
				3E0E24D60E7BE5F500CA7AC4 /* AudioToolbox.framework in Frameworks */,
			);
			runOnlyForDeploymentPostprocessing = 0;
		};
/* End PBXFrameworksBuildPhase section */

/* Begin PBXGroup section */
		080E96DDFE201D6D7F000001 /* Classes */ = {
			isa = PBXGroup;
			children = (
				3E76E5AE160761E2003FA881 /* TimerModel.h */,
				3E76E5AF160761E2003FA881 /* TimerModel.m */,
				1D3623240D0F684500981E51 /* AppDelegate.h */,
				1D3623250D0F684500981E51 /* AppDelegate.m */,
				28D7ACF60DDB3853001CB0EB /* PresentationTimerViewController.h */,
				28D7ACF70DDB3853001CB0EB /* PresentationTimerViewController.m */,
				3E55F3FB0E7BAA0C008D9D4B /* TimePickerViewController.h */,
				3E55F3FC0E7BAA0C008D9D4B /* TimePickerViewController.m */,
				3ED31AC4121FE2470012B9A0 /* InfoVC.h */,
				3ED31AC5121FE2470012B9A0 /* InfoVC.m */,
			);
			path = Classes;
			sourceTree = "<group>";
		};
		19C28FACFE9D520D11CA2CBB /* Products */ = {
			isa = PBXGroup;
			children = (
				1D6058910D05DD3D006BFB54 /* PresentationTimer.app */,
			);
			name = Products;
			sourceTree = "<group>";
		};
		29B97314FDCFA39411CA2CEA /* CustomTemplate */ = {
			isa = PBXGroup;
			children = (
				3E59EAAC160705CD00FE0BC3 /* AVFoundation.framework */,
				080E96DDFE201D6D7F000001 /* Classes */,
				29B97315FDCFA39411CA2CEA /* Other Sources */,
				29B97317FDCFA39411CA2CEA /* Resources */,
				29B97323FDCFA39411CA2CEA /* Frameworks */,
				19C28FACFE9D520D11CA2CBB /* Products */,
			);
			name = CustomTemplate;
			sourceTree = "<group>";
		};
		29B97315FDCFA39411CA2CEA /* Other Sources */ = {
			isa = PBXGroup;
			children = (
				32CA4F630368D1EE00C91783 /* PresentationTimer_Prefix.pch */,
				29B97316FDCFA39411CA2CEA /* main.m */,
			);
			name = "Other Sources";
			sourceTree = "<group>";
		};
		29B97317FDCFA39411CA2CEA /* Resources */ = {
			isa = PBXGroup;
			children = (
				3EA980991157451300526A21 /* Sounds */,
				3EA98076115744C700526A21 /* Images */,
				28AD733E0D9D9553002E5188 /* MainWindow.xib */,
				3E6FCF3811573A320078B23E /* MainWindow-iPad.xib */,
				2899E5210DE3E06400AC0155 /* PresentationTimerViewController.xib */,
				3E6FCF3D11573A6F0078B23E /* PresentationTimerViewController-iPad.xib */,
				3E55F4030E7BAD58008D9D4B /* TimePickerViewController.xib */,
				3ED31AB9121FE1F60012B9A0 /* InfoView.xib */,
				8D1107310486CEB800E47090 /* Info.plist */,
				3EE2B7B40E7BF2D0003F9362 /* Localizable.strings */,
				3EE2B7C60E7BF363003F9362 /* InfoPlist.strings */,
			);
			path = Resources;
			sourceTree = "<group>";
		};
		29B97323FDCFA39411CA2CEA /* Frameworks */ = {
			isa = PBXGroup;
			children = (
				3E0E24D50E7BE5F500CA7AC4 /* AudioToolbox.framework */,
				1DF5F4DF0D08C38300B7A737 /* UIKit.framework */,
				1D30AB110D05D00D00671497 /* Foundation.framework */,
				288765A40DF7441C002DB57D /* CoreGraphics.framework */,
			);
			name = Frameworks;
			sourceTree = "<group>";
		};
		3EA98076115744C700526A21 /* Images */ = {
			isa = PBXGroup;
			children = (
				3E8A45FD1606E35A000D6975 /* Default.png */,
				3E8A45FE1606E35A000D6975 /* Default@2x.png */,
				3E8A45E41606E0AE000D6975 /* Default-568h@2x.png */,
				3E8A462D1606EE8A000D6975 /* Default-Landscape.png */,
				3E8A462E1606EE8A000D6975 /* Default-Landscape@2x.png */,
				3E8A462F1606EE8A000D6975 /* Default-Portrait.png */,
				3E8A46301606EE8A000D6975 /* Default-Portrait@2x.png */,
				3E8A45C61606D895000D6975 /* bell40.png */,
				3E8A45C81606D91F000D6975 /* bell40@2x.png */,
				3EA9807E115744C700526A21 /* bell28.png */,
				3E8A45CA1606D988000D6975 /* bell28@2x.png */,
				3E8A45CC1606DEE7000D6975 /* bell80.png */,
				3E8A45CD1606DEE7000D6975 /* bell80@2x.png */,
				3EA98081115744C700526A21 /* icon.png */,
				3E8A45D01606E018000D6975 /* icon@2x.png */,
				3EA9812411574D9500526A21 /* icon-ipad.png */,
				3E8A46131606EC09000D6975 /* icon-ipad@2x.png */,
			);
			path = Images;
			sourceTree = "<group>";
		};
		3EA980991157451300526A21 /* Sounds */ = {
			isa = PBXGroup;
			children = (
				3EA9809A1157451300526A21 /* 1bell.wav */,
				3EA9809B1157451300526A21 /* 2bell.wav */,
				3EA9809C1157451300526A21 /* 3bell.wav */,
			);
			path = Sounds;
			sourceTree = "<group>";
		};
/* End PBXGroup section */

/* Begin PBXNativeTarget section */
		1D6058900D05DD3D006BFB54 /* PresentationTimer */ = {
			isa = PBXNativeTarget;
			buildConfigurationList = 1D6058960D05DD3E006BFB54 /* Build configuration list for PBXNativeTarget "PresentationTimer" */;
			buildPhases = (
				1D60588D0D05DD3D006BFB54 /* Resources */,
				1D60588E0D05DD3D006BFB54 /* Sources */,
				1D60588F0D05DD3D006BFB54 /* Frameworks */,
			);
			buildRules = (
			);
			dependencies = (
			);
			name = PresentationTimer;
			productName = PresentationTimer;
			productReference = 1D6058910D05DD3D006BFB54 /* PresentationTimer.app */;
			productType = "com.apple.product-type.application";
		};
/* End PBXNativeTarget section */

/* Begin PBXProject section */
		29B97313FDCFA39411CA2CEA /* Project object */ = {
			isa = PBXProject;
			attributes = {
				LastUpgradeCheck = 0450;
			};
			buildConfigurationList = C01FCF4E08A954540054247B /* Build configuration list for PBXProject "PresentationTimer" */;
			compatibilityVersion = "Xcode 3.2";
			developmentRegion = English;
			hasScannedForEncodings = 1;
			knownRegions = (
				en,
			);
			mainGroup = 29B97314FDCFA39411CA2CEA /* CustomTemplate */;
			projectDirPath = "";
			projectRoot = "";
			targets = (
				1D6058900D05DD3D006BFB54 /* PresentationTimer */,
			);
		};
/* End PBXProject section */

/* Begin PBXResourcesBuildPhase section */
		1D60588D0D05DD3D006BFB54 /* Resources */ = {
			isa = PBXResourcesBuildPhase;
			buildActionMask = 2147483647;
			files = (
				28AD733F0D9D9553002E5188 /* MainWindow.xib in Resources */,
				2899E5220DE3E06400AC0155 /* PresentationTimerViewController.xib in Resources */,
				3E5A8ED30EAF5B3200118C3C /* TimePickerViewController.xib in Resources */,
				3EE2B7B50E7BF2D0003F9362 /* Localizable.strings in Resources */,
				3EE2B7C70E7BF363003F9362 /* InfoPlist.strings in Resources */,
				3E6FCF3911573A320078B23E /* MainWindow-iPad.xib in Resources */,
				3E6FCF3E11573A6F0078B23E /* PresentationTimerViewController-iPad.xib in Resources */,
				3EA9808F115744C700526A21 /* bell28.png in Resources */,
				3EA98092115744C700526A21 /* icon.png in Resources */,
				3EA9809F1157451300526A21 /* 1bell.wav in Resources */,
				3EA980A01157451300526A21 /* 2bell.wav in Resources */,
				3EA980A11157451300526A21 /* 3bell.wav in Resources */,
				3EA9812511574D9500526A21 /* icon-ipad.png in Resources */,
				3ED31ABA121FE1F60012B9A0 /* InfoView.xib in Resources */,
				3E8A45C71606D895000D6975 /* bell40.png in Resources */,
				3E8A45C91606D91F000D6975 /* bell40@2x.png in Resources */,
				3E8A45CB1606D988000D6975 /* bell28@2x.png in Resources */,
				3E8A45CE1606DEE7000D6975 /* bell80.png in Resources */,
				3E8A45CF1606DEE7000D6975 /* bell80@2x.png in Resources */,
				3E8A45D11606E018000D6975 /* icon@2x.png in Resources */,
				3E8A45F71606E0AE000D6975 /* Default-568h@2x.png in Resources */,
				3E8A45FF1606E35A000D6975 /* Default.png in Resources */,
				3E8A46001606E35A000D6975 /* Default@2x.png in Resources */,
				3E8A46141606EC09000D6975 /* icon-ipad@2x.png in Resources */,
				3E8A46311606EE8A000D6975 /* Default-Landscape.png in Resources */,
				3E8A46321606EE8A000D6975 /* Default-Landscape@2x.png in Resources */,
				3E8A46331606EE8A000D6975 /* Default-Portrait.png in Resources */,
				3E8A46341606EE8A000D6975 /* Default-Portrait@2x.png in Resources */,
			);
			runOnlyForDeploymentPostprocessing = 0;
		};
/* End PBXResourcesBuildPhase section */

/* Begin PBXSourcesBuildPhase section */
		1D60588E0D05DD3D006BFB54 /* Sources */ = {
			isa = PBXSourcesBuildPhase;
			buildActionMask = 2147483647;
			files = (
				1D60589B0D05DD56006BFB54 /* main.m in Sources */,
				1D3623260D0F684500981E51 /* AppDelegate.m in Sources */,
				28D7ACF80DDB3853001CB0EB /* PresentationTimerViewController.m in Sources */,
				3E55F3FD0E7BAA0C008D9D4B /* TimePickerViewController.m in Sources */,
				3ED31AC6121FE2470012B9A0 /* InfoVC.m in Sources */,
				3E76E5B0160761E2003FA881 /* TimerModel.m in Sources */,
			);
			runOnlyForDeploymentPostprocessing = 0;
		};
/* End PBXSourcesBuildPhase section */

/* Begin PBXVariantGroup section */
		3EE2B7B40E7BF2D0003F9362 /* Localizable.strings */ = {
			isa = PBXVariantGroup;
			children = (
				3EE2B7B20E7BF2C5003F9362 /* English */,
				3EE2B7B60E7BF2D8003F9362 /* Japanese */,
			);
			name = Localizable.strings;
			sourceTree = "<group>";
		};
		3EE2B7C60E7BF363003F9362 /* InfoPlist.strings */ = {
			isa = PBXVariantGroup;
			children = (
				3EE2B7C40E7BF350003F9362 /* English */,
				3EE2B7C80E7BF36A003F9362 /* Japanese */,
			);
			name = InfoPlist.strings;
			sourceTree = "<group>";
		};
/* End PBXVariantGroup section */

/* Begin XCBuildConfiguration section */
		1D6058940D05DD3E006BFB54 /* Debug */ = {
			isa = XCBuildConfiguration;
			buildSettings = {
				ALWAYS_SEARCH_USER_PATHS = NO;
				ARCHS = "$(ARCHS_STANDARD_32_BIT)";
				CLANG_ENABLE_OBJC_ARC = YES;
				"CODE_SIGN_IDENTITY[sdk=iphoneos*]" = "iPhone Developer";
				COPY_PHASE_STRIP = NO;
				GCC_DYNAMIC_NO_PIC = NO;
				GCC_OPTIMIZATION_LEVEL = 0;
				GCC_PRECOMPILE_PREFIX_HEADER = YES;
				GCC_PREFIX_HEADER = PresentationTimer_Prefix.pch;
				INFOPLIST_FILE = Info.plist;
				PRODUCT_NAME = PresentationTimer;
				"PROVISIONING_PROFILE[sdk=iphoneos*]" = "";
			};
			name = Debug;
		};
		1D6058950D05DD3E006BFB54 /* Release */ = {
			isa = XCBuildConfiguration;
			buildSettings = {
				ALWAYS_SEARCH_USER_PATHS = NO;
				ARCHS = "$(ARCHS_STANDARD_32_BIT)";
				CLANG_ENABLE_OBJC_ARC = YES;
				"CODE_SIGN_IDENTITY[sdk=iphoneos*]" = "iPhone Distribution";
				COPY_PHASE_STRIP = YES;
				GCC_PRECOMPILE_PREFIX_HEADER = YES;
				GCC_PREFIX_HEADER = PresentationTimer_Prefix.pch;
				INFOPLIST_FILE = Info.plist;
				PRODUCT_NAME = PresentationTimer;
				"PROVISIONING_PROFILE[sdk=iphoneos*]" = "";
			};
			name = Release;
		};
		C01FCF4F08A954540054247B /* Debug */ = {
			isa = XCBuildConfiguration;
			buildSettings = {
				ARCHS = "$(ARCHS_STANDARD_32_BIT)";
				"CODE_SIGN_IDENTITY[sdk=iphoneos*]" = "iPhone Developer";
				GCC_C_LANGUAGE_STANDARD = c99;
				GCC_WARN_ABOUT_RETURN_TYPE = YES;
				GCC_WARN_UNUSED_VARIABLE = YES;
				IPHONEOS_DEPLOYMENT_TARGET = 4.3;
				PRODUCT_NAME = PresentationTimer;
				"PROVISIONING_PROFILE[sdk=iphoneos*]" = "";
				SDKROOT = iphoneos;
				TARGETED_DEVICE_FAMILY = "1,2";
			};
			name = Debug;
		};
		C01FCF5008A954540054247B /* Release */ = {
			isa = XCBuildConfiguration;
			buildSettings = {
				ARCHS = "$(ARCHS_STANDARD_32_BIT)";
				"CODE_SIGN_IDENTITY[sdk=iphoneos*]" = "iPhone Distribution";
				GCC_C_LANGUAGE_STANDARD = c99;
				GCC_WARN_ABOUT_RETURN_TYPE = YES;
				GCC_WARN_UNUSED_VARIABLE = YES;
				IPHONEOS_DEPLOYMENT_TARGET = 4.3;
				PRODUCT_NAME = PresentationTimer;
				"PROVISIONING_PROFILE[sdk=iphoneos*]" = "";
				SDKROOT = iphoneos;
				TARGETED_DEVICE_FAMILY = "1,2";
			};
			name = Release;
		};
/* End XCBuildConfiguration section */

/* Begin XCConfigurationList section */
		1D6058960D05DD3E006BFB54 /* Build configuration list for PBXNativeTarget "PresentationTimer" */ = {
			isa = XCConfigurationList;
			buildConfigurations = (
				1D6058940D05DD3E006BFB54 /* Debug */,
				1D6058950D05DD3E006BFB54 /* Release */,
			);
			defaultConfigurationIsVisible = 0;
			defaultConfigurationName = Release;
		};
		C01FCF4E08A954540054247B /* Build configuration list for PBXProject "PresentationTimer" */ = {
			isa = XCConfigurationList;
			buildConfigurations = (
				C01FCF4F08A954540054247B /* Debug */,
				C01FCF5008A954540054247B /* Release */,
			);
			defaultConfigurationIsVisible = 0;
			defaultConfigurationName = Release;
		};
/* End XCConfigurationList section */
	};
	rootObject = 29B97313FDCFA39411CA2CEA /* Project object */;
}
